
Microsoft Visual Studio Solution File, Format Version 12.00
Project("{FAE04EC0-301F-11D3-BF4B-00C04F79EFBC}") = "WebApplication2", "WebApplication2\WebApplication2.csproj", "{B2364D61-D77C-4DFB-9B52-114CE6A4CE05}"
EndProject
Global
	GlobalSection(SolutionConfigurationPlatforms) = preSolution
		Debug|Any CPU = Debug|Any CPU
		Release|Any CPU = Release|Any CPU
	EndGlobalSection
	GlobalSection(ProjectConfigurationPlatforms) = postSolution
		{B2364D61-D77C-4DFB-9B52-114CE6A4CE05}.Debug|Any CPU.ActiveCfg = Debug|Any CPU
		{B2364D61-D77C-4DFB-9B52-114CE6A4CE05}.Debug|Any CPU.Build.0 = Debug|Any CPU
		{B2364D61-D77C-4DFB-9B52-114CE6A4CE05}.Release|Any CPU.ActiveCfg = Release|Any CPU
		{B2364D61-D77C-4DFB-9B52-114CE6A4CE05}.Release|Any CPU.Build.0 = Release|Any CPU
	EndGlobalSection
EndGlobal
